
Microsoft Visual Studio Solution File, Format Version 12.00
# Visual Studio Version 17
VisualStudioVersion = 17.0.31903.59
MinimumVisualStudioVersion = 10.0.40219.1
Project("{FAE04EC0-301F-11D3-BF4B-00C04F79EFBC}") = "Shared.Iottu.Contracts", "Shared.Iottu.Contracts\Shared.Iottu.Contracts.csproj", "{6392A47C-79D7-4D24-9149-6E24382A987F}"
EndProject
Project("{FAE04EC0-301F-11D3-BF4B-00C04F79EFBC}") = "Infrastructure.Iottu.Integration", "Infrastructure.Iottu.Integration\Infrastructure.Iottu.Integration.csproj", "{E1E83B49-E545-4E13-8612-F641B6E38100}"
EndProject
Project("{FAE04EC0-301F-11D3-BF4B-00C04F79EFBC}") = "Infrastructure.Iottu.Persistence", "Infrastructure.Iottu.Persistence\Infrastructure.Iottu.Persistence.csproj", "{0E379CC2-247C-498A-B240-3718DF5BB553}"
EndProject
Project("{FAE04EC0-301F-11D3-BF4B-00C04F79EFBC}") = "Core.Iottu.Domain", "Core.Iottu.Domain\Core.Iottu.Domain.csproj", "{165AA407-BF6B-4045-AB5B-897C71FA281B}"
EndProject
Project("{FAE04EC0-301F-11D3-BF4B-00C04F79EFBC}") = "Web.Iottu.Mvc", "Web.Iottu.Mvc\Web.Iottu.Mvc.csproj", "{A5631956-A4D5-4171-8212-0E5C5CBBA1FC}"
EndProject
Project("{FAE04EC0-301F-11D3-BF4B-00C04F79EFBC}") = "Web.Iottu.Api.Catalog", "Web.Iottu.Api.Catalog\Web.Iottu.Api.Catalog.csproj", "{5428596C-C49A-4888-90F1-C297003C5F38}"
EndProject
Project("{FAE04EC0-301F-11D3-BF4B-00C04F79EFBC}") = "Web.Iottu.Api.Tracking", "Web.Iottu.Api.Tracking\Web.Iottu.Api.Tracking.csproj", "{91EF0F7B-D10B-4E2F-AED2-BB48A57FF539}"
EndProject
Project("{2150E333-8FDC-42A3-9474-1A3956D46DE8}") = "tests", "tests", "{0AB3BF05-4346-4AA6-1389-037BE0695223}"
EndProject
Project("{FAE04EC0-301F-11D3-BF4B-00C04F79EFBC}") = "Core.Iottu.Api.IntegrationTests", "tests\Core.Iottu.Api.IntegrationTests\Core.Iottu.Api.IntegrationTests.csproj", "{AF7D0DE4-5CFB-42DA-9F46-02ADE5888A87}"
EndProject
Project("{FAE04EC0-301F-11D3-BF4B-00C04F79EFBC}") = "Core.Iottu.Application", "Core.Iottu.Application\Core.Iottu.Application.csproj", "{9081FE6B-C63E-4430-B266-C6FD0C6E3ABF}"
EndProject
Project("{FAE04EC0-301F-11D3-BF4B-00C04F79EFBC}") = "Core.Iottu.Application.Tests", "tests\Core.Iottu.Application.Tests\Core.Iottu.Application.Tests.csproj", "{E307AD93-84AF-4044-9F05-D582887BE5EB}"
EndProject
Global
	GlobalSection(SolutionConfigurationPlatforms) = preSolution
		Debug|Any CPU = Debug|Any CPU
		Debug|x64 = Debug|x64
		Debug|x86 = Debug|x86
		Release|Any CPU = Release|Any CPU
		Release|x64 = Release|x64
		Release|x86 = Release|x86
	EndGlobalSection
	GlobalSection(ProjectConfigurationPlatforms) = postSolution
		{6392A47C-79D7-4D24-9149-6E24382A987F}.Debug|Any CPU.ActiveCfg = Debug|Any CPU
		{6392A47C-79D7-4D24-9149-6E24382A987F}.Debug|Any CPU.Build.0 = Debug|Any CPU
		{6392A47C-79D7-4D24-9149-6E24382A987F}.Debug|x64.ActiveCfg = Debug|Any CPU
		{6392A47C-79D7-4D24-9149-6E24382A987F}.Debug|x64.Build.0 = Debug|Any CPU
		{6392A47C-79D7-4D24-9149-6E24382A987F}.Debug|x86.ActiveCfg = Debug|Any CPU
		{6392A47C-79D7-4D24-9149-6E24382A987F}.Debug|x86.Build.0 = Debug|Any CPU
		{6392A47C-79D7-4D24-9149-6E24382A987F}.Release|Any CPU.ActiveCfg = Release|Any CPU
		{6392A47C-79D7-4D24-9149-6E24382A987F}.Release|Any CPU.Build.0 = Release|Any CPU
		{6392A47C-79D7-4D24-9149-6E24382A987F}.Release|x64.ActiveCfg = Release|Any CPU
		{6392A47C-79D7-4D24-9149-6E24382A987F}.Release|x64.Build.0 = Release|Any CPU
		{6392A47C-79D7-4D24-9149-6E24382A987F}.Release|x86.ActiveCfg = Release|Any CPU
		{6392A47C-79D7-4D24-9149-6E24382A987F}.Release|x86.Build.0 = Release|Any CPU
		{E1E83B49-E545-4E13-8612-F641B6E38100}.Debug|Any CPU.ActiveCfg = Debug|Any CPU
		{E1E83B49-E545-4E13-8612-F641B6E38100}.Debug|Any CPU.Build.0 = Debug|Any CPU
		{E1E83B49-E545-4E13-8612-F641B6E38100}.Debug|x64.ActiveCfg = Debug|Any CPU
		{E1E83B49-E545-4E13-8612-F641B6E38100}.Debug|x64.Build.0 = Debug|Any CPU
		{E1E83B49-E545-4E13-8612-F641B6E38100}.Debug|x86.ActiveCfg = Debug|Any CPU
		{E1E83B49-E545-4E13-8612-F641B6E38100}.Debug|x86.Build.0 = Debug|Any CPU
		{E1E83B49-E545-4E13-8612-F641B6E38100}.Release|Any CPU.ActiveCfg = Release|Any CPU
		{E1E83B49-E545-4E13-8612-F641B6E38100}.Release|Any CPU.Build.0 = Release|Any CPU
		{E1E83B49-E545-4E13-8612-F641B6E38100}.Release|x64.ActiveCfg = Release|Any CPU
		{E1E83B49-E545-4E13-8612-F641B6E38100}.Release|x64.Build.0 = Release|Any CPU
		{E1E83B49-E545-4E13-8612-F641B6E38100}.Release|x86.ActiveCfg = Release|Any CPU
		{E1E83B49-E545-4E13-8612-F641B6E38100}.Release|x86.Build.0 = Release|Any CPU
		{0E379CC2-247C-498A-B240-3718DF5BB553}.Debug|Any CPU.ActiveCfg = Debug|Any CPU
		{0E379CC2-247C-498A-B240-3718DF5BB553}.Debug|Any CPU.Build.0 = Debug|Any CPU
		{0E379CC2-247C-498A-B240-3718DF5BB553}.Debug|x64.ActiveCfg = Debug|Any CPU
		{0E379CC2-247C-498A-B240-3718DF5BB553}.Debug|x64.Build.0 = Debug|Any CPU
		{0E379CC2-247C-498A-B240-3718DF5BB553}.Debug|x86.ActiveCfg = Debug|Any CPU
		{0E379CC2-247C-498A-B240-3718DF5BB553}.Debug|x86.Build.0 = Debug|Any CPU
		{0E379CC2-247C-498A-B240-3718DF5BB553}.Release|Any CPU.ActiveCfg = Release|Any CPU
		{0E379CC2-247C-498A-B240-3718DF5BB553}.Release|Any CPU.Build.0 = Release|Any CPU
		{0E379CC2-247C-498A-B240-3718DF5BB553}.Release|x64.ActiveCfg = Release|Any CPU
		{0E379CC2-247C-498A-B240-3718DF5BB553}.Release|x64.Build.0 = Release|Any CPU
		{0E379CC2-247C-498A-B240-3718DF5BB553}.Release|x86.ActiveCfg = Release|Any CPU
		{0E379CC2-247C-498A-B240-3718DF5BB553}.Release|x86.Build.0 = Release|Any CPU
		{165AA407-BF6B-4045-AB5B-897C71FA281B}.Debug|Any CPU.ActiveCfg = Debug|Any CPU
		{165AA407-BF6B-4045-AB5B-897C71FA281B}.Debug|Any CPU.Build.0 = Debug|Any CPU
		{165AA407-BF6B-4045-AB5B-897C71FA281B}.Debug|x64.ActiveCfg = Debug|Any CPU
		{165AA407-BF6B-4045-AB5B-897C71FA281B}.Debug|x64.Build.0 = Debug|Any CPU
		{165AA407-BF6B-4045-AB5B-897C71FA281B}.Debug|x86.ActiveCfg = Debug|Any CPU
		{165AA407-BF6B-4045-AB5B-897C71FA281B}.Debug|x86.Build.0 = Debug|Any CPU
		{165AA407-BF6B-4045-AB5B-897C71FA281B}.Release|Any CPU.ActiveCfg = Release|Any CPU
		{165AA407-BF6B-4045-AB5B-897C71FA281B}.Release|Any CPU.Build.0 = Release|Any CPU
		{165AA407-BF6B-4045-AB5B-897C71FA281B}.Release|x64.ActiveCfg = Release|Any CPU
		{165AA407-BF6B-4045-AB5B-897C71FA281B}.Release|x64.Build.0 = Release|Any CPU
		{165AA407-BF6B-4045-AB5B-897C71FA281B}.Release|x86.ActiveCfg = Release|Any CPU
		{165AA407-BF6B-4045-AB5B-897C71FA281B}.Release|x86.Build.0 = Release|Any CPU
		{A5631956-A4D5-4171-8212-0E5C5CBBA1FC}.Debug|Any CPU.ActiveCfg = Debug|Any CPU
		{A5631956-A4D5-4171-8212-0E5C5CBBA1FC}.Debug|Any CPU.Build.0 = Debug|Any CPU
		{A5631956-A4D5-4171-8212-0E5C5CBBA1FC}.Debug|x64.ActiveCfg = Debug|Any CPU
		{A5631956-A4D5-4171-8212-0E5C5CBBA1FC}.Debug|x64.Build.0 = Debug|Any CPU
		{A5631956-A4D5-4171-8212-0E5C5CBBA1FC}.Debug|x86.ActiveCfg = Debug|Any CPU
		{A5631956-A4D5-4171-8212-0E5C5CBBA1FC}.Debug|x86.Build.0 = Debug|Any CPU
		{A5631956-A4D5-4171-8212-0E5C5CBBA1FC}.Release|Any CPU.ActiveCfg = Release|Any CPU
		{A5631956-A4D5-4171-8212-0E5C5CBBA1FC}.Release|Any CPU.Build.0 = Release|Any CPU
		{A5631956-A4D5-4171-8212-0E5C5CBBA1FC}.Release|x64.ActiveCfg = Release|Any CPU
		{A5631956-A4D5-4171-8212-0E5C5CBBA1FC}.Release|x64.Build.0 = Release|Any CPU
		{A5631956-A4D5-4171-8212-0E5C5CBBA1FC}.Release|x86.ActiveCfg = Release|Any CPU
		{A5631956-A4D5-4171-8212-0E5C5CBBA1FC}.Release|x86.Build.0 = Release|Any CPU
		{5428596C-C49A-4888-90F1-C297003C5F38}.Debug|Any CPU.ActiveCfg = Debug|Any CPU
		{5428596C-C49A-4888-90F1-C297003C5F38}.Debug|Any CPU.Build.0 = Debug|Any CPU
		{5428596C-C49A-4888-90F1-C297003C5F38}.Debug|x64.ActiveCfg = Debug|Any CPU
		{5428596C-C49A-4888-90F1-C297003C5F38}.Debug|x64.Build.0 = Debug|Any CPU
		{5428596C-C49A-4888-90F1-C297003C5F38}.Debug|x86.ActiveCfg = Debug|Any CPU
		{5428596C-C49A-4888-90F1-C297003C5F38}.Debug|x86.Build.0 = Debug|Any CPU
		{5428596C-C49A-4888-90F1-C297003C5F38}.Release|Any CPU.ActiveCfg = Release|Any CPU
		{5428596C-C49A-4888-90F1-C297003C5F38}.Release|Any CPU.Build.0 = Release|Any CPU
		{5428596C-C49A-4888-90F1-C297003C5F38}.Release|x64.ActiveCfg = Release|Any CPU
		{5428596C-C49A-4888-90F1-C297003C5F38}.Release|x64.Build.0 = Release|Any CPU
		{5428596C-C49A-4888-90F1-C297003C5F38}.Release|x86.ActiveCfg = Release|Any CPU
		{5428596C-C49A-4888-90F1-C297003C5F38}.Release|x86.Build.0 = Release|Any CPU
		{91EF0F7B-D10B-4E2F-AED2-BB48A57FF539}.Debug|Any CPU.ActiveCfg = Debug|Any CPU
		{91EF0F7B-D10B-4E2F-AED2-BB48A57FF539}.Debug|Any CPU.Build.0 = Debug|Any CPU
		{91EF0F7B-D10B-4E2F-AED2-BB48A57FF539}.Debug|x64.ActiveCfg = Debug|Any CPU
		{91EF0F7B-D10B-4E2F-AED2-BB48A57FF539}.Debug|x64.Build.0 = Debug|Any CPU
		{91EF0F7B-D10B-4E2F-AED2-BB48A57FF539}.Debug|x86.ActiveCfg = Debug|Any CPU
		{91EF0F7B-D10B-4E2F-AED2-BB48A57FF539}.Debug|x86.Build.0 = Debug|Any CPU
		{91EF0F7B-D10B-4E2F-AED2-BB48A57FF539}.Release|Any CPU.ActiveCfg = Release|Any CPU
		{91EF0F7B-D10B-4E2F-AED2-BB48A57FF539}.Release|Any CPU.Build.0 = Release|Any CPU
		{91EF0F7B-D10B-4E2F-AED2-BB48A57FF539}.Release|x64.ActiveCfg = Release|Any CPU
		{91EF0F7B-D10B-4E2F-AED2-BB48A57FF539}.Release|x64.Build.0 = Release|Any CPU
		{91EF0F7B-D10B-4E2F-AED2-BB48A57FF539}.Release|x86.ActiveCfg = Release|Any CPU
		{91EF0F7B-D10B-4E2F-AED2-BB48A57FF539}.Release|x86.Build.0 = Release|Any CPU
		{AF7D0DE4-5CFB-42DA-9F46-02ADE5888A87}.Debug|Any CPU.ActiveCfg = Debug|Any CPU
		{AF7D0DE4-5CFB-42DA-9F46-02ADE5888A87}.Debug|Any CPU.Build.0 = Debug|Any CPU
		{AF7D0DE4-5CFB-42DA-9F46-02ADE5888A87}.Debug|x64.ActiveCfg = Debug|Any CPU
		{AF7D0DE4-5CFB-42DA-9F46-02ADE5888A87}.Debug|x64.Build.0 = Debug|Any CPU
		{AF7D0DE4-5CFB-42DA-9F46-02ADE5888A87}.Debug|x86.ActiveCfg = Debug|Any CPU
		{AF7D0DE4-5CFB-42DA-9F46-02ADE5888A87}.Debug|x86.Build.0 = Debug|Any CPU
		{AF7D0DE4-5CFB-42DA-9F46-02ADE5888A87}.Release|Any CPU.ActiveCfg = Release|Any CPU
		{AF7D0DE4-5CFB-42DA-9F46-02ADE5888A87}.Release|Any CPU.Build.0 = Release|Any CPU
		{AF7D0DE4-5CFB-42DA-9F46-02ADE5888A87}.Release|x64.ActiveCfg = Release|Any CPU
		{AF7D0DE4-5CFB-42DA-9F46-02ADE5888A87}.Release|x64.Build.0 = Release|Any CPU
		{AF7D0DE4-5CFB-42DA-9F46-02ADE5888A87}.Release|x86.ActiveCfg = Release|Any CPU
		{AF7D0DE4-5CFB-42DA-9F46-02ADE5888A87}.Release|x86.Build.0 = Release|Any CPU
		{9081FE6B-C63E-4430-B266-C6FD0C6E3ABF}.Debug|Any CPU.ActiveCfg = Debug|Any CPU
		{9081FE6B-C63E-4430-B266-C6FD0C6E3ABF}.Debug|Any CPU.Build.0 = Debug|Any CPU
		{9081FE6B-C63E-4430-B266-C6FD0C6E3ABF}.Debug|x64.ActiveCfg = Debug|Any CPU
		{9081FE6B-C63E-4430-B266-C6FD0C6E3ABF}.Debug|x64.Build.0 = Debug|Any CPU
		{9081FE6B-C63E-4430-B266-C6FD0C6E3ABF}.Debug|x86.ActiveCfg = Debug|Any CPU
		{9081FE6B-C63E-4430-B266-C6FD0C6E3ABF}.Debug|x86.Build.0 = Debug|Any CPU
		{9081FE6B-C63E-4430-B266-C6FD0C6E3ABF}.Release|Any CPU.ActiveCfg = Release|Any CPU
		{9081FE6B-C63E-4430-B266-C6FD0C6E3ABF}.Release|Any CPU.Build.0 = Release|Any CPU
		{9081FE6B-C63E-4430-B266-C6FD0C6E3ABF}.Release|x64.ActiveCfg = Release|Any CPU
		{9081FE6B-C63E-4430-B266-C6FD0C6E3ABF}.Release|x64.Build.0 = Release|Any CPU
		{9081FE6B-C63E-4430-B266-C6FD0C6E3ABF}.Release|x86.ActiveCfg = Release|Any CPU
		{9081FE6B-C63E-4430-B266-C6FD0C6E3ABF}.Release|x86.Build.0 = Release|Any CPU
		{E307AD93-84AF-4044-9F05-D582887BE5EB}.Debug|Any CPU.ActiveCfg = Debug|Any CPU
		{E307AD93-84AF-4044-9F05-D582887BE5EB}.Debug|Any CPU.Build.0 = Debug|Any CPU
		{E307AD93-84AF-4044-9F05-D582887BE5EB}.Debug|x64.ActiveCfg = Debug|Any CPU
		{E307AD93-84AF-4044-9F05-D582887BE5EB}.Debug|x64.Build.0 = Debug|Any CPU
		{E307AD93-84AF-4044-9F05-D582887BE5EB}.Debug|x86.ActiveCfg = Debug|Any CPU
		{E307AD93-84AF-4044-9F05-D582887BE5EB}.Debug|x86.Build.0 = Debug|Any CPU
		{E307AD93-84AF-4044-9F05-D582887BE5EB}.Release|Any CPU.ActiveCfg = Release|Any CPU
		{E307AD93-84AF-4044-9F05-D582887BE5EB}.Release|Any CPU.Build.0 = Release|Any CPU
		{E307AD93-84AF-4044-9F05-D582887BE5EB}.Release|x64.ActiveCfg = Release|Any CPU
		{E307AD93-84AF-4044-9F05-D582887BE5EB}.Release|x64.Build.0 = Release|Any CPU
		{E307AD93-84AF-4044-9F05-D582887BE5EB}.Release|x86.ActiveCfg = Release|Any CPU
		{E307AD93-84AF-4044-9F05-D582887BE5EB}.Release|x86.Build.0 = Release|Any CPU
	EndGlobalSection
	GlobalSection(SolutionProperties) = preSolution
		HideSolutionNode = FALSE
	EndGlobalSection
	GlobalSection(NestedProjects) = preSolution
		{AF7D0DE4-5CFB-42DA-9F46-02ADE5888A87} = {0AB3BF05-4346-4AA6-1389-037BE0695223}
		{E307AD93-84AF-4044-9F05-D582887BE5EB} = {0AB3BF05-4346-4AA6-1389-037BE0695223}
	EndGlobalSection
EndGlobal
